<?xml version="1.0" encoding="utf-8"?>
<Project ToolsVersion="4.0" xmlns="http://schemas.microsoft.com/developer/msbuild/2003">
  <ItemGroup>
    <Filter Include="Malic">
      <UniqueIdentifier>{0B69A70D-777D-CFBE-40FF-721EACD2CBEF}</UniqueIdentifier>
    </Filter>
  </ItemGroup>
  <ItemGroup>
    <ClInclude Include="src\Malic.h" />
    <ClInclude Include="src\Malic\Application.h">
      <Filter>Malic</Filter>
    </ClInclude>
    <ClInclude Include="src\Malic\Core.h">
      <Filter>Malic</Filter>
    </ClInclude>
    <ClInclude Include="src\Malic\EnteryPoint.h">
      <Filter>Malic</Filter>
    </ClInclude>
    <ClInclude Include="src\Malic\Log.h">
      <Filter>Malic</Filter>
    </ClInclude>
  </ItemGroup>
  <ItemGroup>
    <ClCompile Include="src\Malic\Application.cpp">
      <Filter>Malic</Filter>
    </ClCompile>
    <ClCompile Include="src\Malic\Log.cpp">
      <Filter>Malic</Filter>
    </ClCompile>
  </ItemGroup>
</Project>